
Microsoft Visual Studio Solution File, Format Version 12.00
# Visual Studio Version 17
VisualStudioVersion = 17.8.35728.64
MinimumVisualStudioVersion = 10.0.40219.1
Project("{FAE04EC0-301F-11D3-BF4B-00C04F79EFBC}") = "WcfServiceDB", "WcfServiceDB.csproj", "{759E98B7-8527-4A4C-A023-FFA72F929191}"
EndProject
Global
	GlobalSection(SolutionConfigurationPlatforms) = preSolution
		Debug|Any CPU = Debug|Any CPU
		Release|Any CPU = Release|Any CPU
	EndGlobalSection
	GlobalSection(ProjectConfigurationPlatforms) = postSolution
		{759E98B7-8527-4A4C-A023-FFA72F929191}.Debug|Any CPU.ActiveCfg = Debug|Any CPU
		{759E98B7-8527-4A4C-A023-FFA72F929191}.Debug|Any CPU.Build.0 = Debug|Any CPU
		{759E98B7-8527-4A4C-A023-FFA72F929191}.Release|Any CPU.ActiveCfg = Release|Any CPU
		{759E98B7-8527-4A4C-A023-FFA72F929191}.Release|Any CPU.Build.0 = Release|Any CPU
	EndGlobalSection
	GlobalSection(SolutionProperties) = preSolution
		HideSolutionNode = FALSE
	EndGlobalSection
	GlobalSection(ExtensibilityGlobals) = postSolution
		SolutionGuid = {45C0CB3F-CA1E-4367-ADD2-B4E188711984}
	EndGlobalSection
EndGlobal
